<?xml version="1.0" encoding="utf-8"?>
<Project ToolsVersion="4.0" xmlns="http://schemas.microsoft.com/developer/msbuild/2003">
  <ItemGroup>
    <Filter Include="export">
      <UniqueIdentifier>{87DA32FC-737C-5DD2-5C37-71264878E422}</UniqueIdentifier>
    </Filter>
  </ItemGroup>
  <ItemGroup>
    <ClInclude Include="src\ZVAssert.h" />
    <ClInclude Include="src\ZVCore.h" />
    <ClInclude Include="src\ZVImguiTheme.h" />
    <ClInclude Include="src\ZVMemory.h" />
    <ClInclude Include="src\ZVProfiler_internal.h" />
    <ClInclude Include="src\ZVTexture_internal.h" />
    <ClInclude Include="src\ZVimguiManager.h" />
    <ClInclude Include="src\export\ZVButton.h">
      <Filter>export</Filter>
    </ClInclude>
    <ClInclude Include="src\export\ZVDialog.h">
      <Filter>export</Filter>
    </ClInclude>
    <ClInclude Include="src\export\ZVGuiConfig.h">
      <Filter>export</Filter>
    </ClInclude>
    <ClInclude Include="src\export\ZVImageButton.h">
      <Filter>export</Filter>
    </ClInclude>
    <ClInclude Include="src\export\ZVMenu.h">
      <Filter>export</Filter>
    </ClInclude>
    <ClInclude Include="src\export\ZVProfiler.h">
      <Filter>export</Filter>
    </ClInclude>
    <ClInclude Include="src\export\ZVTabBar.h">
      <Filter>export</Filter>
    </ClInclude>
    <ClInclude Include="src\export\ZVTexture.h">
      <Filter>export</Filter>
    </ClInclude>
    <ClInclude Include="src\export\ZVTimer.h">
      <Filter>export</Filter>
    </ClInclude>
  </ItemGroup>
  <ItemGroup>
    <ClCompile Include="src\ZVImguiTheme.cpp" />
    <ClCompile Include="src\ZVProfiler_internal.cpp" />
    <ClCompile Include="src\ZVTexture_internal.cpp" />
    <ClCompile Include="src\ZVimguiManager.cpp" />
    <ClCompile Include="src\export\ZVButton.cpp">
      <Filter>export</Filter>
    </ClCompile>
    <ClCompile Include="src\export\ZVDialog.cpp">
      <Filter>export</Filter>
    </ClCompile>
    <ClCompile Include="src\export\ZVImageButton.cpp">
      <Filter>export</Filter>
    </ClCompile>
    <ClCompile Include="src\export\ZVMenu.cpp">
      <Filter>export</Filter>
    </ClCompile>
    <ClCompile Include="src\export\ZVProfiler.cpp">
      <Filter>export</Filter>
    </ClCompile>
    <ClCompile Include="src\export\ZVTabBar.cpp">
      <Filter>export</Filter>
    </ClCompile>
    <ClCompile Include="src\export\ZVTexture.cpp">
      <Filter>export</Filter>
    </ClCompile>
  </ItemGroup>
</Project>