<?xml version="1.0" encoding="utf-8"?>
<Project ToolsVersion="4.0" xmlns="http://schemas.microsoft.com/developer/msbuild/2003">
  <ItemGroup>
    <Filter Include="core">
      <UniqueIdentifier>{4E40957C-3A77-960D-E363-7C10CF79120F}</UniqueIdentifier>
    </Filter>
    <Filter Include="events">
      <UniqueIdentifier>{5A9D08FC-463F-33D2-2FFA-46261B3BBA22}</UniqueIdentifier>
    </Filter>
    <Filter Include="export">
      <UniqueIdentifier>{87DA32FC-737C-5DD2-5C37-71264878E422}</UniqueIdentifier>
    </Filter>
    <Filter Include="platform">
      <UniqueIdentifier>{4A63C33C-3630-1E48-5F49-0CF04B7553D6}</UniqueIdentifier>
    </Filter>
    <Filter Include="platform\imgui">
      <UniqueIdentifier>{344023FE-200E-1704-09A2-872AF50EF368}</UniqueIdentifier>
    </Filter>
    <Filter Include="platform\imgui\export">
      <UniqueIdentifier>{E57A9FE1-51E7-5ADC-1ADB-F23986067D44}</UniqueIdentifier>
    </Filter>
    <Filter Include="platform\windows">
      <UniqueIdentifier>{A44FC440-9048-E392-B97A-C817A5D2C29E}</UniqueIdentifier>
    </Filter>
  </ItemGroup>
  <ItemGroup>
    <ClInclude Include="src\core\Core.h">
      <Filter>core</Filter>
    </ClInclude>
    <ClInclude Include="src\core\DataTypes.h">
      <Filter>core</Filter>
    </ClInclude>
    <ClInclude Include="src\core\ZVMemory.h">
      <Filter>core</Filter>
    </ClInclude>
    <ClInclude Include="src\core\ZVTimer.h">
      <Filter>core</Filter>
    </ClInclude>
    <ClInclude Include="src\core\ZVassert.h">
      <Filter>core</Filter>
    </ClInclude>
    <ClInclude Include="src\core\ZVlayer.h">
      <Filter>core</Filter>
    </ClInclude>
    <ClInclude Include="src\core\ZVlayerBuffer.h">
      <Filter>core</Filter>
    </ClInclude>
    <ClInclude Include="src\core\ZVsystem.h">
      <Filter>core</Filter>
    </ClInclude>
    <ClInclude Include="src\core\ZVwindow.h">
      <Filter>core</Filter>
    </ClInclude>
    <ClInclude Include="src\events\ZVKeyCodes.h">
      <Filter>events</Filter>
    </ClInclude>
    <ClInclude Include="src\events\ZVappEvent.h">
      <Filter>events</Filter>
    </ClInclude>
    <ClInclude Include="src\events\ZVevent.h">
      <Filter>events</Filter>
    </ClInclude>
    <ClInclude Include="src\events\ZVkeyEvent.h">
      <Filter>events</Filter>
    </ClInclude>
    <ClInclude Include="src\events\ZVmouseEvent.h">
      <Filter>events</Filter>
    </ClInclude>
    <ClInclude Include="src\export\EntryPoint.h">
      <Filter>export</Filter>
    </ClInclude>
    <ClInclude Include="src\export\ZVCore.h">
      <Filter>export</Filter>
    </ClInclude>
    <ClInclude Include="src\platform\imgui\ZVImguiManager.h">
      <Filter>platform\imgui</Filter>
    </ClInclude>
    <ClInclude Include="src\platform\imgui\ZVImguiTheme.h">
      <Filter>platform\imgui</Filter>
    </ClInclude>
    <ClInclude Include="src\platform\imgui\ZVProfiler_internal.h">
      <Filter>platform\imgui</Filter>
    </ClInclude>
    <ClInclude Include="src\platform\imgui\ZVTexture_internal.h">
      <Filter>platform\imgui</Filter>
    </ClInclude>
    <ClInclude Include="src\platform\imgui\export\ZVButton.h">
      <Filter>platform\imgui\export</Filter>
    </ClInclude>
    <ClInclude Include="src\platform\imgui\export\ZVCommon.h">
      <Filter>platform\imgui\export</Filter>
    </ClInclude>
    <ClInclude Include="src\platform\imgui\export\ZVDialog.h">
      <Filter>platform\imgui\export</Filter>
    </ClInclude>
    <ClInclude Include="src\platform\imgui\export\ZVFileDialog.h">
      <Filter>platform\imgui\export</Filter>
    </ClInclude>
    <ClInclude Include="src\platform\imgui\export\ZVGuiConfig.h">
      <Filter>platform\imgui\export</Filter>
    </ClInclude>
    <ClInclude Include="src\platform\imgui\export\ZVImage.h">
      <Filter>platform\imgui\export</Filter>
    </ClInclude>
    <ClInclude Include="src\platform\imgui\export\ZVImageButton.h">
      <Filter>platform\imgui\export</Filter>
    </ClInclude>
    <ClInclude Include="src\platform\imgui\export\ZVProfiler.h">
      <Filter>platform\imgui\export</Filter>
    </ClInclude>
    <ClInclude Include="src\platform\imgui\export\ZVTabBar.h">
      <Filter>platform\imgui\export</Filter>
    </ClInclude>
    <ClInclude Include="src\platform\imgui\export\ZVTabItem.h">
      <Filter>platform\imgui\export</Filter>
    </ClInclude>
    <ClInclude Include="src\platform\imgui\export\ZVTexture.h">
      <Filter>platform\imgui\export</Filter>
    </ClInclude>
    <ClInclude Include="src\platform\imgui\export\ZVToggleButton.h">
      <Filter>platform\imgui\export</Filter>
    </ClInclude>
    <ClInclude Include="src\platform\windows\ZVwindow_win.h">
      <Filter>platform\windows</Filter>
    </ClInclude>
    <ClInclude Include="src\platform\imgui\export\ZVMenubar.h" />
    <ClInclude Include="src\platform\imgui\export\ZVMenuItem.h" />
  </ItemGroup>
  <ItemGroup>
    <ClCompile Include="src\core\ZVlayerBuffer.cpp">
      <Filter>core</Filter>
    </ClCompile>
    <ClCompile Include="src\core\ZVsystem.cpp">
      <Filter>core</Filter>
    </ClCompile>
    <ClCompile Include="src\core\ZVwindow.cpp">
      <Filter>core</Filter>
    </ClCompile>
    <ClCompile Include="src\platform\imgui\ZVImguiManager.cpp">
      <Filter>platform\imgui</Filter>
    </ClCompile>
    <ClCompile Include="src\platform\imgui\ZVImguiTheme.cpp">
      <Filter>platform\imgui</Filter>
    </ClCompile>
    <ClCompile Include="src\platform\imgui\ZVProfiler_internal.cpp">
      <Filter>platform\imgui</Filter>
    </ClCompile>
    <ClCompile Include="src\platform\imgui\ZVTexture_internal.cpp">
      <Filter>platform\imgui</Filter>
    </ClCompile>
    <ClCompile Include="src\platform\imgui\export\ZVButton.cpp">
      <Filter>platform\imgui\export</Filter>
    </ClCompile>
    <ClCompile Include="src\platform\imgui\export\ZVDialog.cpp">
      <Filter>platform\imgui\export</Filter>
    </ClCompile>
    <ClCompile Include="src\platform\imgui\export\ZVFileDialog.cpp">
      <Filter>platform\imgui\export</Filter>
    </ClCompile>
    <ClCompile Include="src\platform\imgui\export\ZVImage.cpp">
      <Filter>platform\imgui\export</Filter>
    </ClCompile>
    <ClCompile Include="src\platform\imgui\export\ZVImageButton.cpp">
      <Filter>platform\imgui\export</Filter>
    </ClCompile>
    <ClCompile Include="src\platform\imgui\export\ZVProfiler.cpp">
      <Filter>platform\imgui\export</Filter>
    </ClCompile>
    <ClCompile Include="src\platform\imgui\export\ZVTabBar.cpp">
      <Filter>platform\imgui\export</Filter>
    </ClCompile>
    <ClCompile Include="src\platform\imgui\export\ZVTabItem.cpp">
      <Filter>platform\imgui\export</Filter>
    </ClCompile>
    <ClCompile Include="src\platform\imgui\export\ZVTexture.cpp">
      <Filter>platform\imgui\export</Filter>
    </ClCompile>
    <ClCompile Include="src\platform\imgui\export\ZVToggleButton.cpp">
      <Filter>platform\imgui\export</Filter>
    </ClCompile>
    <ClCompile Include="src\platform\windows\ZVwindow_win.cpp">
      <Filter>platform\windows</Filter>
    </ClCompile>
    <ClCompile Include="src\platform\imgui\export\ZVMenubar.cpp" />
  </ItemGroup>
</Project>