<?xml version="1.0" encoding="utf-8"?>
<Project ToolsVersion="4.0" xmlns="http://schemas.microsoft.com/developer/msbuild/2003">
  <ItemGroup>
    <Filter Include="core">
      <UniqueIdentifier>{4E40957C-3A77-960D-E363-7C10CF79120F}</UniqueIdentifier>
    </Filter>
    <Filter Include="src">
      <UniqueIdentifier>{2DAB880B-99B4-887C-2230-9F7C8E38947C}</UniqueIdentifier>
    </Filter>
    <Filter Include="src\Dlg">
      <UniqueIdentifier>{136F2FA9-7F4E-AE44-8866-391BF4C414A6}</UniqueIdentifier>
    </Filter>
    <Filter Include="src\Layers">
      <UniqueIdentifier>{4C4DA51D-3805-E76A-A10C-C0C68DE3815B}</UniqueIdentifier>
    </Filter>
  </ItemGroup>
  <ItemGroup>
    <ClInclude Include="core\GUI_Liberator.h">
      <Filter>core</Filter>
    </ClInclude>
    <ClInclude Include="core\ZVapp.h">
      <Filter>core</Filter>
    </ClInclude>
    <ClInclude Include="src\Dlg\DlgClassification.h">
      <Filter>src\Dlg</Filter>
    </ClInclude>
    <ClInclude Include="src\Dlg\DlgDisplayWindow.h">
      <Filter>src\Dlg</Filter>
    </ClInclude>
    <ClInclude Include="src\Dlg\DlgIconBar.h">
      <Filter>src\Dlg</Filter>
    </ClInclude>
    <ClInclude Include="src\Dlg\DlgParameterSetup.h">
      <Filter>src\Dlg</Filter>
    </ClInclude>
    <ClInclude Include="src\Dlg\DlgSidebarLeft.h">
      <Filter>src\Dlg</Filter>
    </ClInclude>
    <ClInclude Include="src\Dlg\DlgTest.h">
      <Filter>src\Dlg</Filter>
    </ClInclude>
    <ClInclude Include="src\Environment.h">
      <Filter>src</Filter>
    </ClInclude>
    <ClInclude Include="src\GUI.h">
      <Filter>src</Filter>
    </ClInclude>
    <ClInclude Include="src\ImageManager.h">
      <Filter>src</Filter>
    </ClInclude>
    <ClInclude Include="src\Layers\ZVWindowMenu.h">
      <Filter>src\Layers</Filter>
    </ClInclude>
  </ItemGroup>
  <ItemGroup>
    <ClCompile Include="core\EntryPoint.cpp">
      <Filter>core</Filter>
    </ClCompile>
    <ClCompile Include="core\ZVapp.cpp">
      <Filter>core</Filter>
    </ClCompile>
    <ClCompile Include="src\Dlg\DlgClassification.cpp">
      <Filter>src\Dlg</Filter>
    </ClCompile>
    <ClCompile Include="src\Dlg\DlgDisplayWindow.cpp">
      <Filter>src\Dlg</Filter>
    </ClCompile>
    <ClCompile Include="src\Dlg\DlgIconBar.cpp">
      <Filter>src\Dlg</Filter>
    </ClCompile>
    <ClCompile Include="src\Dlg\DlgParameterSetup.cpp">
      <Filter>src\Dlg</Filter>
    </ClCompile>
    <ClCompile Include="src\Dlg\DlgSidebarLeft.cpp">
      <Filter>src\Dlg</Filter>
    </ClCompile>
    <ClCompile Include="src\Dlg\DlgTest.cpp">
      <Filter>src\Dlg</Filter>
    </ClCompile>
    <ClCompile Include="src\ImageManager.cpp">
      <Filter>src</Filter>
    </ClCompile>
    <ClCompile Include="src\Layers\ZVWindowMenu.cpp">
      <Filter>src\Layers</Filter>
    </ClCompile>
  </ItemGroup>
</Project>