<?xml version="1.0" encoding="utf-8"?>
<Project ToolsVersion="4.0" xmlns="http://schemas.microsoft.com/developer/msbuild/2003">
  <ItemGroup>
    <Filter Include="core">
      <UniqueIdentifier>{4E40957C-3A77-960D-E363-7C10CF79120F}</UniqueIdentifier>
    </Filter>
    <Filter Include="src">
      <UniqueIdentifier>{2DAB880B-99B4-887C-2230-9F7C8E38947C}</UniqueIdentifier>
    </Filter>
    <Filter Include="src\Layers">
      <UniqueIdentifier>{4C4DA51D-3805-E76A-A10C-C0C68DE3815B}</UniqueIdentifier>
    </Filter>
  </ItemGroup>
  <ItemGroup>
    <ClInclude Include="core\GUI_Liberator.h">
      <Filter>core</Filter>
    </ClInclude>
    <ClInclude Include="core\ZVapp.h">
      <Filter>core</Filter>
    </ClInclude>
    <ClInclude Include="src\GUI.h">
      <Filter>src</Filter>
    </ClInclude>
    <ClInclude Include="src\Layers\Dialog2.h">
      <Filter>src\Layers</Filter>
    </ClInclude>
    <ClInclude Include="src\Layers\Example.h">
      <Filter>src\Layers</Filter>
    </ClInclude>
  </ItemGroup>
  <ItemGroup>
    <ClCompile Include="core\EntryPoint.cpp">
      <Filter>core</Filter>
    </ClCompile>
  </ItemGroup>
</Project>