<?xml version="1.0" encoding="utf-8"?>
<Project ToolsVersion="4.0" xmlns="http://schemas.microsoft.com/developer/msbuild/2003">
  <ItemGroup>
    <Filter Include="ZVIO">
      <UniqueIdentifier>{2DE18F7C-1918-910D-C204-7710AE1A0D0F}</UniqueIdentifier>
    </Filter>
    <Filter Include="ZVIO\ZVIO_Contec">
      <UniqueIdentifier>{5FB0FAD5-4BA9-1928-74DB-FEAC6033F933}</UniqueIdentifier>
    </Filter>
  </ItemGroup>
  <ItemGroup>
    <ClInclude Include="src\ZVAssert.h" />
    <ClInclude Include="src\ZVCore.h" />
    <ClInclude Include="src\ZVIO\ZVIO_Contec\CDio.h">
      <Filter>ZVIO\ZVIO_Contec</Filter>
    </ClInclude>
    <ClInclude Include="src\ZVIO\ZVIO_Contec\zvIO_Contec.h">
      <Filter>ZVIO\ZVIO_Contec</Filter>
    </ClInclude>
    <ClInclude Include="src\ZVMemory.h" />
  </ItemGroup>
  <ItemGroup>
    <ClCompile Include="src\ZVIO\ZVIO_Contec\zvIO_Contec.cpp">
      <Filter>ZVIO\ZVIO_Contec</Filter>
    </ClCompile>
  </ItemGroup>
</Project>